
Microsoft Visual Studio Solution File, Format Version 12.00
# Visual Studio Version 17
VisualStudioVersion = 17.8.34511.84
MinimumVisualStudioVersion = 10.0.40219.1
Project("{9A19103F-16F7-4668-BE54-9A1E7A4F7556}") = "ProductService", "ProductService\ProductService.csproj", "{6B6B58B0-765F-4354-A7EA-45558A050528}"
EndProject
Project("{E53339B2-1760-4266-BCC7-CA923CBCF16C}") = "docker-compose", "docker-compose.dcproj", "{0E2BED5F-BBA2-4F9A-8C7A-A7C95E24ABE1}"
EndProject
Global
	GlobalSection(SolutionConfigurationPlatforms) = preSolution
		Debug|Any CPU = Debug|Any CPU
		Release|Any CPU = Release|Any CPU
	EndGlobalSection
	GlobalSection(ProjectConfigurationPlatforms) = postSolution
		{6B6B58B0-765F-4354-A7EA-45558A050528}.Debug|Any CPU.ActiveCfg = Debug|Any CPU
		{6B6B58B0-765F-4354-A7EA-45558A050528}.Debug|Any CPU.Build.0 = Debug|Any CPU
		{6B6B58B0-765F-4354-A7EA-45558A050528}.Release|Any CPU.ActiveCfg = Release|Any CPU
		{6B6B58B0-765F-4354-A7EA-45558A050528}.Release|Any CPU.Build.0 = Release|Any CPU
		{0E2BED5F-BBA2-4F9A-8C7A-A7C95E24ABE1}.Debug|Any CPU.ActiveCfg = Debug|Any CPU
		{0E2BED5F-BBA2-4F9A-8C7A-A7C95E24ABE1}.Debug|Any CPU.Build.0 = Debug|Any CPU
		{0E2BED5F-BBA2-4F9A-8C7A-A7C95E24ABE1}.Release|Any CPU.ActiveCfg = Release|Any CPU
		{0E2BED5F-BBA2-4F9A-8C7A-A7C95E24ABE1}.Release|Any CPU.Build.0 = Release|Any CPU
	EndGlobalSection
	GlobalSection(SolutionProperties) = preSolution
		HideSolutionNode = FALSE
	EndGlobalSection
	GlobalSection(ExtensibilityGlobals) = postSolution
		SolutionGuid = {DED2DC91-F96B-422E-AE53-ADCB9BBEA0B1}
	EndGlobalSection
EndGlobal
